
Microsoft Visual Studio Solution File, Format Version 12.00
# Visual Studio 15
VisualStudioVersion = 15.0.28307.421
MinimumVisualStudioVersion = 10.0.40219.1
Project("{FAE04EC0-301F-11D3-BF4B-00C04F79EFBC}") = "Classbook.View", "WindowsFormsApplication2\Classbook.View.csproj", "{1DF407C6-794C-478F-99C0-938D74D30EA2}"
EndProject
Project("{FAE04EC0-301F-11D3-BF4B-00C04F79EFBC}") = "Classbook.Model", "EntityFrameworkModel\Classbook.Model.csproj", "{1F8C080A-7B13-4750-B3D3-059298952E89}"
EndProject
Project("{FAE04EC0-301F-11D3-BF4B-00C04F79EFBC}") = "Classbook.Controller", "AllController\Classbook.Controller.csproj", "{B1074707-7319-4345-8B2B-85FF5A806F68}"
EndProject
Project("{FAE04EC0-301F-11D3-BF4B-00C04F79EFBC}") = "Classbook.Tests", "Classbook.Tests\Classbook.Tests.csproj", "{F9E07EE0-03E3-4EC9-B632-E8AEB80C8D52}"
EndProject
Global
	GlobalSection(SolutionConfigurationPlatforms) = preSolution
		Debug|Any CPU = Debug|Any CPU
		Release|Any CPU = Release|Any CPU
	EndGlobalSection
	GlobalSection(ProjectConfigurationPlatforms) = postSolution
		{1DF407C6-794C-478F-99C0-938D74D30EA2}.Debug|Any CPU.ActiveCfg = Debug|Any CPU
		{1DF407C6-794C-478F-99C0-938D74D30EA2}.Debug|Any CPU.Build.0 = Debug|Any CPU
		{1DF407C6-794C-478F-99C0-938D74D30EA2}.Release|Any CPU.ActiveCfg = Release|Any CPU
		{1DF407C6-794C-478F-99C0-938D74D30EA2}.Release|Any CPU.Build.0 = Release|Any CPU
		{1F8C080A-7B13-4750-B3D3-059298952E89}.Debug|Any CPU.ActiveCfg = Debug|Any CPU
		{1F8C080A-7B13-4750-B3D3-059298952E89}.Debug|Any CPU.Build.0 = Debug|Any CPU
		{1F8C080A-7B13-4750-B3D3-059298952E89}.Release|Any CPU.ActiveCfg = Release|Any CPU
		{1F8C080A-7B13-4750-B3D3-059298952E89}.Release|Any CPU.Build.0 = Release|Any CPU
		{B1074707-7319-4345-8B2B-85FF5A806F68}.Debug|Any CPU.ActiveCfg = Debug|Any CPU
		{B1074707-7319-4345-8B2B-85FF5A806F68}.Debug|Any CPU.Build.0 = Debug|Any CPU
		{B1074707-7319-4345-8B2B-85FF5A806F68}.Release|Any CPU.ActiveCfg = Release|Any CPU
		{B1074707-7319-4345-8B2B-85FF5A806F68}.Release|Any CPU.Build.0 = Release|Any CPU
		{F9E07EE0-03E3-4EC9-B632-E8AEB80C8D52}.Debug|Any CPU.ActiveCfg = Debug|Any CPU
		{F9E07EE0-03E3-4EC9-B632-E8AEB80C8D52}.Debug|Any CPU.Build.0 = Debug|Any CPU
		{F9E07EE0-03E3-4EC9-B632-E8AEB80C8D52}.Release|Any CPU.ActiveCfg = Release|Any CPU
		{F9E07EE0-03E3-4EC9-B632-E8AEB80C8D52}.Release|Any CPU.Build.0 = Release|Any CPU
	EndGlobalSection
	GlobalSection(SolutionProperties) = preSolution
		HideSolutionNode = FALSE
	EndGlobalSection
	GlobalSection(ExtensibilityGlobals) = postSolution
		SolutionGuid = {A2136F2C-EF4B-4523-9E0A-CBB389065588}
	EndGlobalSection
EndGlobal
